
Microsoft Visual Studio Solution File, Format Version 12.00
# Visual Studio Version 17
VisualStudioVersion = 17.5.33627.172
MinimumVisualStudioVersion = 10.0.40219.1
Project("{FAE04EC0-301F-11D3-BF4B-00C04F79EFBC}") = "console", "console\console.csproj", "{68724C69-E2D2-4388-B32E-6E7254D18E6A}"
EndProject
Project("{FAE04EC0-301F-11D3-BF4B-00C04F79EFBC}") = "logic", "logic\logic.csproj", "{3E315FE0-8E52-4943-8A3A-7A1DB5AF71C0}"
EndProject
Project("{FAE04EC0-301F-11D3-BF4B-00C04F79EFBC}") = "database", "database\database.csproj", "{5F4E050B-362A-46EA-8BCC-8432F8476844}"
EndProject
Global
	GlobalSection(SolutionConfigurationPlatforms) = preSolution
		Debug|Any CPU = Debug|Any CPU
		Release|Any CPU = Release|Any CPU
	EndGlobalSection
	GlobalSection(ProjectConfigurationPlatforms) = postSolution
		{68724C69-E2D2-4388-B32E-6E7254D18E6A}.Debug|Any CPU.ActiveCfg = Debug|Any CPU
		{68724C69-E2D2-4388-B32E-6E7254D18E6A}.Debug|Any CPU.Build.0 = Debug|Any CPU
		{68724C69-E2D2-4388-B32E-6E7254D18E6A}.Release|Any CPU.ActiveCfg = Release|Any CPU
		{68724C69-E2D2-4388-B32E-6E7254D18E6A}.Release|Any CPU.Build.0 = Release|Any CPU
		{3E315FE0-8E52-4943-8A3A-7A1DB5AF71C0}.Debug|Any CPU.ActiveCfg = Debug|Any CPU
		{3E315FE0-8E52-4943-8A3A-7A1DB5AF71C0}.Debug|Any CPU.Build.0 = Debug|Any CPU
		{3E315FE0-8E52-4943-8A3A-7A1DB5AF71C0}.Release|Any CPU.ActiveCfg = Release|Any CPU
		{3E315FE0-8E52-4943-8A3A-7A1DB5AF71C0}.Release|Any CPU.Build.0 = Release|Any CPU
		{5F4E050B-362A-46EA-8BCC-8432F8476844}.Debug|Any CPU.ActiveCfg = Debug|Any CPU
		{5F4E050B-362A-46EA-8BCC-8432F8476844}.Debug|Any CPU.Build.0 = Debug|Any CPU
		{5F4E050B-362A-46EA-8BCC-8432F8476844}.Release|Any CPU.ActiveCfg = Release|Any CPU
		{5F4E050B-362A-46EA-8BCC-8432F8476844}.Release|Any CPU.Build.0 = Release|Any CPU
	EndGlobalSection
	GlobalSection(SolutionProperties) = preSolution
		HideSolutionNode = FALSE
	EndGlobalSection
	GlobalSection(ExtensibilityGlobals) = postSolution
		SolutionGuid = {B48ACB36-A802-4481-9757-A5E821FF18CF}
	EndGlobalSection
EndGlobal
